// !$*UTF8*$!
{
	archiveVersion = 1;
	classes = {
	};
	objectVersion = 46;
	objects = {

/* Begin PBXBuildFile section */
		891C7EEE1C8276DA00B85DE2 /* CoverScreenViewController.m in Sources */ = {isa = PBXBuildFile; fileRef = 891C7EED1C8276DA00B85DE2 /* CoverScreenViewController.m */; };
		891C7EF41C83A5DC00B85DE2 /* ImageViewController.m in Sources */ = {isa = PBXBuildFile; fileRef = 891C7EF31C83A5DC00B85DE2 /* ImageViewController.m */; };
		A53591CC1C8269440014EE5C /* main.m in Sources */ = {isa = PBXBuildFile; fileRef = A53591CB1C8269440014EE5C /* main.m */; };
		A53591CF1C8269440014EE5C /* AppDelegate.m in Sources */ = {isa = PBXBuildFile; fileRef = A53591CE1C8269440014EE5C /* AppDelegate.m */; };
		A53591D21C8269440014EE5C /* RootViewController.m in Sources */ = {isa = PBXBuildFile; fileRef = A53591D11C8269440014EE5C /* RootViewController.m */; };
		A53591D51C8269440014EE5C /* DataViewController.m in Sources */ = {isa = PBXBuildFile; fileRef = A53591D41C8269440014EE5C /* DataViewController.m */; };
		A53591D81C8269440014EE5C /* ModelController.m in Sources */ = {isa = PBXBuildFile; fileRef = A53591D71C8269440014EE5C /* ModelController.m */; };
		A53591DB1C8269440014EE5C /* Main.storyboard in Resources */ = {isa = PBXBuildFile; fileRef = A53591D91C8269440014EE5C /* Main.storyboard */; };
		A53591DD1C8269440014EE5C /* Assets.xcassets in Resources */ = {isa = PBXBuildFile; fileRef = A53591DC1C8269440014EE5C /* Assets.xcassets */; };
		A53591E01C8269440014EE5C /* LaunchScreen.storyboard in Resources */ = {isa = PBXBuildFile; fileRef = A53591DE1C8269440014EE5C /* LaunchScreen.storyboard */; };
		A53591EB1C8269450014EE5C /* Recupery2Tests.m in Sources */ = {isa = PBXBuildFile; fileRef = A53591EA1C8269450014EE5C /* Recupery2Tests.m */; };
		A53591F61C8269450014EE5C /* Recupery2UITests.m in Sources */ = {isa = PBXBuildFile; fileRef = A53591F51C8269450014EE5C /* Recupery2UITests.m */; };
		A53592051C826ADD0014EE5C /* SurveyViewController.m in Sources */ = {isa = PBXBuildFile; fileRef = A53592041C826ADD0014EE5C /* SurveyViewController.m */; };
		A53592081C826D2C0014EE5C /* FXForms.m in Sources */ = {isa = PBXBuildFile; fileRef = A53592071C826D2C0014EE5C /* FXForms.m */; };
		A535920B1C8280770014EE5C /* SurveyForm.m in Sources */ = {isa = PBXBuildFile; fileRef = A535920A1C8280770014EE5C /* SurveyForm.m */; };
		A53592111C836F780014EE5C /* CommunicationOptionsViewController.m in Sources */ = {isa = PBXBuildFile; fileRef = A53592101C836F780014EE5C /* CommunicationOptionsViewController.m */; };
		CC587EC8526DCEE8A0675AD6 /* Pods_Recupery2.framework in Frameworks */ = {isa = PBXBuildFile; fileRef = FA0EA1329B294EB823B13A11 /* Pods_Recupery2.framework */; };
/* End PBXBuildFile section */

/* Begin PBXContainerItemProxy section */
		A53591E71C8269450014EE5C /* PBXContainerItemProxy */ = {
			isa = PBXContainerItemProxy;
			containerPortal = A53591BF1C8269440014EE5C /* Project object */;
			proxyType = 1;
			remoteGlobalIDString = A53591C61C8269440014EE5C;
			remoteInfo = Recupery2;
		};
		A53591F21C8269450014EE5C /* PBXContainerItemProxy */ = {
			isa = PBXContainerItemProxy;
			containerPortal = A53591BF1C8269440014EE5C /* Project object */;
			proxyType = 1;
			remoteGlobalIDString = A53591C61C8269440014EE5C;
			remoteInfo = Recupery2;
		};
/* End PBXContainerItemProxy section */

/* Begin PBXFileReference section */
		891C7EEC1C8276DA00B85DE2 /* CoverScreenViewController.h */ = {isa = PBXFileReference; fileEncoding = 4; lastKnownFileType = sourcecode.c.h; path = CoverScreenViewController.h; sourceTree = "<group>"; };
		891C7EED1C8276DA00B85DE2 /* CoverScreenViewController.m */ = {isa = PBXFileReference; fileEncoding = 4; lastKnownFileType = sourcecode.c.objc; path = CoverScreenViewController.m; sourceTree = "<group>"; };
		891C7EF21C83A5DC00B85DE2 /* ImageViewController.h */ = {isa = PBXFileReference; fileEncoding = 4; lastKnownFileType = sourcecode.c.h; path = ImageViewController.h; sourceTree = "<group>"; };
		891C7EF31C83A5DC00B85DE2 /* ImageViewController.m */ = {isa = PBXFileReference; fileEncoding = 4; lastKnownFileType = sourcecode.c.objc; path = ImageViewController.m; sourceTree = "<group>"; };
		A53591C71C8269440014EE5C /* Recupery2.app */ = {isa = PBXFileReference; explicitFileType = wrapper.application; includeInIndex = 0; path = Recupery2.app; sourceTree = BUILT_PRODUCTS_DIR; };
		A53591CB1C8269440014EE5C /* main.m */ = {isa = PBXFileReference; lastKnownFileType = sourcecode.c.objc; path = main.m; sourceTree = "<group>"; };
		A53591CD1C8269440014EE5C /* AppDelegate.h */ = {isa = PBXFileReference; lastKnownFileType = sourcecode.c.h; path = AppDelegate.h; sourceTree = "<group>"; };
		A53591CE1C8269440014EE5C /* AppDelegate.m */ = {isa = PBXFileReference; lastKnownFileType = sourcecode.c.objc; path = AppDelegate.m; sourceTree = "<group>"; };
		A53591D01C8269440014EE5C /* RootViewController.h */ = {isa = PBXFileReference; lastKnownFileType = sourcecode.c.h; path = RootViewController.h; sourceTree = "<group>"; };
		A53591D11C8269440014EE5C /* RootViewController.m */ = {isa = PBXFileReference; lastKnownFileType = sourcecode.c.objc; path = RootViewController.m; sourceTree = "<group>"; };
		A53591D31C8269440014EE5C /* DataViewController.h */ = {isa = PBXFileReference; lastKnownFileType = sourcecode.c.h; path = DataViewController.h; sourceTree = "<group>"; };
		A53591D41C8269440014EE5C /* DataViewController.m */ = {isa = PBXFileReference; lastKnownFileType = sourcecode.c.objc; path = DataViewController.m; sourceTree = "<group>"; };
		A53591D61C8269440014EE5C /* ModelController.h */ = {isa = PBXFileReference; lastKnownFileType = sourcecode.c.h; path = ModelController.h; sourceTree = "<group>"; };
		A53591D71C8269440014EE5C /* ModelController.m */ = {isa = PBXFileReference; lastKnownFileType = sourcecode.c.objc; path = ModelController.m; sourceTree = "<group>"; };
		A53591DA1C8269440014EE5C /* Base */ = {isa = PBXFileReference; lastKnownFileType = file.storyboard; name = Base; path = Base.lproj/Main.storyboard; sourceTree = "<group>"; };
		A53591DC1C8269440014EE5C /* Assets.xcassets */ = {isa = PBXFileReference; lastKnownFileType = folder.assetcatalog; path = Assets.xcassets; sourceTree = "<group>"; };
		A53591DF1C8269440014EE5C /* Base */ = {isa = PBXFileReference; lastKnownFileType = file.storyboard; name = Base; path = Base.lproj/LaunchScreen.storyboard; sourceTree = "<group>"; };
		A53591E11C8269450014EE5C /* Info.plist */ = {isa = PBXFileReference; lastKnownFileType = text.plist.xml; path = Info.plist; sourceTree = "<group>"; };
		A53591E61C8269450014EE5C /* Recupery2Tests.xctest */ = {isa = PBXFileReference; explicitFileType = wrapper.cfbundle; includeInIndex = 0; path = Recupery2Tests.xctest; sourceTree = BUILT_PRODUCTS_DIR; };
		A53591EA1C8269450014EE5C /* Recupery2Tests.m */ = {isa = PBXFileReference; lastKnownFileType = sourcecode.c.objc; path = Recupery2Tests.m; sourceTree = "<group>"; };
		A53591EC1C8269450014EE5C /* Info.plist */ = {isa = PBXFileReference; lastKnownFileType = text.plist.xml; path = Info.plist; sourceTree = "<group>"; };
		A53591F11C8269450014EE5C /* Recupery2UITests.xctest */ = {isa = PBXFileReference; explicitFileType = wrapper.cfbundle; includeInIndex = 0; path = Recupery2UITests.xctest; sourceTree = BUILT_PRODUCTS_DIR; };
		A53591F51C8269450014EE5C /* Recupery2UITests.m */ = {isa = PBXFileReference; lastKnownFileType = sourcecode.c.objc; path = Recupery2UITests.m; sourceTree = "<group>"; };
		A53591F71C8269450014EE5C /* Info.plist */ = {isa = PBXFileReference; lastKnownFileType = text.plist.xml; path = Info.plist; sourceTree = "<group>"; };
		A53592031C826ADD0014EE5C /* SurveyViewController.h */ = {isa = PBXFileReference; fileEncoding = 4; lastKnownFileType = sourcecode.c.h; path = SurveyViewController.h; sourceTree = "<group>"; };
		A53592041C826ADD0014EE5C /* SurveyViewController.m */ = {isa = PBXFileReference; fileEncoding = 4; lastKnownFileType = sourcecode.c.objc; path = SurveyViewController.m; sourceTree = "<group>"; };
		A53592061C826D230014EE5C /* FXForms.h */ = {isa = PBXFileReference; lastKnownFileType = sourcecode.c.h; path = FXForms.h; sourceTree = "<group>"; };
		A53592071C826D2C0014EE5C /* FXForms.m */ = {isa = PBXFileReference; fileEncoding = 4; lastKnownFileType = sourcecode.c.objc; path = FXForms.m; sourceTree = "<group>"; };
		A53592091C8280770014EE5C /* SurveyForm.h */ = {isa = PBXFileReference; fileEncoding = 4; lastKnownFileType = sourcecode.c.h; path = SurveyForm.h; sourceTree = "<group>"; };
		A535920A1C8280770014EE5C /* SurveyForm.m */ = {isa = PBXFileReference; fileEncoding = 4; lastKnownFileType = sourcecode.c.objc; path = SurveyForm.m; sourceTree = "<group>"; };
		A535920F1C836F780014EE5C /* CommunicationOptionsViewController.h */ = {isa = PBXFileReference; fileEncoding = 4; lastKnownFileType = sourcecode.c.h; path = CommunicationOptionsViewController.h; sourceTree = "<group>"; };
		A53592101C836F780014EE5C /* CommunicationOptionsViewController.m */ = {isa = PBXFileReference; fileEncoding = 4; lastKnownFileType = sourcecode.c.objc; path = CommunicationOptionsViewController.m; sourceTree = "<group>"; };
		CA73DF6F89C51B81B9F9FA99 /* Pods-Recupery2.debug.xcconfig */ = {isa = PBXFileReference; includeInIndex = 1; lastKnownFileType = text.xcconfig; name = "Pods-Recupery2.debug.xcconfig"; path = "Pods/Target Support Files/Pods-Recupery2/Pods-Recupery2.debug.xcconfig"; sourceTree = "<group>"; };
		F95B71C61CBBF59810F2D0E7 /* Pods-Recupery2.release.xcconfig */ = {isa = PBXFileReference; includeInIndex = 1; lastKnownFileType = text.xcconfig; name = "Pods-Recupery2.release.xcconfig"; path = "Pods/Target Support Files/Pods-Recupery2/Pods-Recupery2.release.xcconfig"; sourceTree = "<group>"; };
		FA0EA1329B294EB823B13A11 /* Pods_Recupery2.framework */ = {isa = PBXFileReference; explicitFileType = wrapper.framework; includeInIndex = 0; path = Pods_Recupery2.framework; sourceTree = BUILT_PRODUCTS_DIR; };
/* End PBXFileReference section */

/* Begin PBXFrameworksBuildPhase section */
		A53591C41C8269440014EE5C /* Frameworks */ = {
			isa = PBXFrameworksBuildPhase;
			buildActionMask = 2147483647;
			files = (
				CC587EC8526DCEE8A0675AD6 /* Pods_Recupery2.framework in Frameworks */,
			);
			runOnlyForDeploymentPostprocessing = 0;
		};
		A53591E31C8269450014EE5C /* Frameworks */ = {
			isa = PBXFrameworksBuildPhase;
			buildActionMask = 2147483647;
			files = (
			);
			runOnlyForDeploymentPostprocessing = 0;
		};
		A53591EE1C8269450014EE5C /* Frameworks */ = {
			isa = PBXFrameworksBuildPhase;
			buildActionMask = 2147483647;
			files = (
			);
			runOnlyForDeploymentPostprocessing = 0;
		};
/* End PBXFrameworksBuildPhase section */

/* Begin PBXGroup section */
		35F372BDD62D67026E756294 /* Frameworks */ = {
			isa = PBXGroup;
			children = (
				FA0EA1329B294EB823B13A11 /* Pods_Recupery2.framework */,
			);
			name = Frameworks;
			sourceTree = "<group>";
		};
		A53591BE1C8269440014EE5C = {
			isa = PBXGroup;
			children = (
				A53591C91C8269440014EE5C /* Recupery2 */,
				A53591E91C8269450014EE5C /* Recupery2Tests */,
				A53591F41C8269450014EE5C /* Recupery2UITests */,
				A53591C81C8269440014EE5C /* Products */,
				FC0F644BDE3314242A9AB270 /* Pods */,
				35F372BDD62D67026E756294 /* Frameworks */,
			);
			sourceTree = "<group>";
		};
		A53591C81C8269440014EE5C /* Products */ = {
			isa = PBXGroup;
			children = (
				A53591C71C8269440014EE5C /* Recupery2.app */,
				A53591E61C8269450014EE5C /* Recupery2Tests.xctest */,
				A53591F11C8269450014EE5C /* Recupery2UITests.xctest */,
			);
			name = Products;
			sourceTree = "<group>";
		};
		A53591C91C8269440014EE5C /* Recupery2 */ = {
			isa = PBXGroup;
			children = (
				A535920F1C836F780014EE5C /* CommunicationOptionsViewController.h */,
				A53592101C836F780014EE5C /* CommunicationOptionsViewController.m */,
				A53591CD1C8269440014EE5C /* AppDelegate.h */,
				A53591CE1C8269440014EE5C /* AppDelegate.m */,
				A53591D01C8269440014EE5C /* RootViewController.h */,
				A53591D11C8269440014EE5C /* RootViewController.m */,
				A53592031C826ADD0014EE5C /* SurveyViewController.h */,
				A53592041C826ADD0014EE5C /* SurveyViewController.m */,
				A53592091C8280770014EE5C /* SurveyForm.h */,
				A535920A1C8280770014EE5C /* SurveyForm.m */,
				A53592061C826D230014EE5C /* FXForms.h */,
				A53592071C826D2C0014EE5C /* FXForms.m */,
				A53591D31C8269440014EE5C /* DataViewController.h */,
				A53591D41C8269440014EE5C /* DataViewController.m */,
				A53591D61C8269440014EE5C /* ModelController.h */,
				A53591D71C8269440014EE5C /* ModelController.m */,
				A53591D91C8269440014EE5C /* Main.storyboard */,
				A53591DC1C8269440014EE5C /* Assets.xcassets */,
				A53591DE1C8269440014EE5C /* LaunchScreen.storyboard */,
				A53591E11C8269450014EE5C /* Info.plist */,
				A53591CA1C8269440014EE5C /* Supporting Files */,
				891C7EEC1C8276DA00B85DE2 /* CoverScreenViewController.h */,
				891C7EED1C8276DA00B85DE2 /* CoverScreenViewController.m */,
				891C7EF21C83A5DC00B85DE2 /* ImageViewController.h */,
				891C7EF31C83A5DC00B85DE2 /* ImageViewController.m */,
			);
			path = Recupery2;
			sourceTree = "<group>";
		};
		A53591CA1C8269440014EE5C /* Supporting Files */ = {
			isa = PBXGroup;
			children = (
				A53591CB1C8269440014EE5C /* main.m */,
			);
			name = "Supporting Files";
			sourceTree = "<group>";
		};
		A53591E91C8269450014EE5C /* Recupery2Tests */ = {
			isa = PBXGroup;
			children = (
				A53591EA1C8269450014EE5C /* Recupery2Tests.m */,
				A53591EC1C8269450014EE5C /* Info.plist */,
			);
			path = Recupery2Tests;
			sourceTree = "<group>";
		};
		A53591F41C8269450014EE5C /* Recupery2UITests */ = {
			isa = PBXGroup;
			children = (
				A53591F51C8269450014EE5C /* Recupery2UITests.m */,
				A53591F71C8269450014EE5C /* Info.plist */,
			);
			path = Recupery2UITests;
			sourceTree = "<group>";
		};
		FC0F644BDE3314242A9AB270 /* Pods */ = {
			isa = PBXGroup;
			children = (
				CA73DF6F89C51B81B9F9FA99 /* Pods-Recupery2.debug.xcconfig */,
				F95B71C61CBBF59810F2D0E7 /* Pods-Recupery2.release.xcconfig */,
			);
			name = Pods;
			sourceTree = "<group>";
		};
/* End PBXGroup section */

/* Begin PBXNativeTarget section */
		A53591C61C8269440014EE5C /* Recupery2 */ = {
			isa = PBXNativeTarget;
			buildConfigurationList = A53591FA1C8269450014EE5C /* Build configuration list for PBXNativeTarget "Recupery2" */;
			buildPhases = (
				0721959972799D3A11C11595 /* Check Pods Manifest.lock */,
				A53591C31C8269440014EE5C /* Sources */,
				A53591C41C8269440014EE5C /* Frameworks */,
				A53591C51C8269440014EE5C /* Resources */,
				0D6E6C6FF5189A282D9BD2BD /* Embed Pods Frameworks */,
				70D58CDECA9957B28CCA3E0F /* Copy Pods Resources */,
			);
			buildRules = (
			);
			dependencies = (
			);
			name = Recupery2;
			productName = Recupery2;
			productReference = A53591C71C8269440014EE5C /* Recupery2.app */;
			productType = "com.apple.product-type.application";
		};
		A53591E51C8269450014EE5C /* Recupery2Tests */ = {
			isa = PBXNativeTarget;
			buildConfigurationList = A53591FD1C8269450014EE5C /* Build configuration list for PBXNativeTarget "Recupery2Tests" */;
			buildPhases = (
				A53591E21C8269450014EE5C /* Sources */,
				A53591E31C8269450014EE5C /* Frameworks */,
				A53591E41C8269450014EE5C /* Resources */,
			);
			buildRules = (
			);
			dependencies = (
				A53591E81C8269450014EE5C /* PBXTargetDependency */,
			);
			name = Recupery2Tests;
			productName = Recupery2Tests;
			productReference = A53591E61C8269450014EE5C /* Recupery2Tests.xctest */;
			productType = "com.apple.product-type.bundle.unit-test";
		};
		A53591F01C8269450014EE5C /* Recupery2UITests */ = {
			isa = PBXNativeTarget;
			buildConfigurationList = A53592001C8269450014EE5C /* Build configuration list for PBXNativeTarget "Recupery2UITests" */;
			buildPhases = (
				A53591ED1C8269450014EE5C /* Sources */,
				A53591EE1C8269450014EE5C /* Frameworks */,
				A53591EF1C8269450014EE5C /* Resources */,
			);
			buildRules = (
			);
			dependencies = (
				A53591F31C8269450014EE5C /* PBXTargetDependency */,
			);
			name = Recupery2UITests;
			productName = Recupery2UITests;
			productReference = A53591F11C8269450014EE5C /* Recupery2UITests.xctest */;
			productType = "com.apple.product-type.bundle.ui-testing";
		};
/* End PBXNativeTarget section */

/* Begin PBXProject section */
		A53591BF1C8269440014EE5C /* Project object */ = {
			isa = PBXProject;
			attributes = {
				LastUpgradeCheck = 0720;
				ORGANIZATIONNAME = Recupery;
				TargetAttributes = {
					A53591C61C8269440014EE5C = {
						CreatedOnToolsVersion = 7.2.1;
					};
					A53591E51C8269450014EE5C = {
						CreatedOnToolsVersion = 7.2.1;
						TestTargetID = A53591C61C8269440014EE5C;
					};
					A53591F01C8269450014EE5C = {
						CreatedOnToolsVersion = 7.2.1;
						TestTargetID = A53591C61C8269440014EE5C;
					};
				};
			};
			buildConfigurationList = A53591C21C8269440014EE5C /* Build configuration list for PBXProject "Recupery2" */;
			compatibilityVersion = "Xcode 3.2";
			developmentRegion = English;
			hasScannedForEncodings = 0;
			knownRegions = (
				en,
				Base,
			);
			mainGroup = A53591BE1C8269440014EE5C;
			productRefGroup = A53591C81C8269440014EE5C /* Products */;
			projectDirPath = "";
			projectRoot = "";
			targets = (
				A53591C61C8269440014EE5C /* Recupery2 */,
				A53591E51C8269450014EE5C /* Recupery2Tests */,
				A53591F01C8269450014EE5C /* Recupery2UITests */,
			);
		};
/* End PBXProject section */

/* Begin PBXResourcesBuildPhase section */
		A53591C51C8269440014EE5C /* Resources */ = {
			isa = PBXResourcesBuildPhase;
			buildActionMask = 2147483647;
			files = (
				A53591E01C8269440014EE5C /* LaunchScreen.storyboard in Resources */,
				A53591DD1C8269440014EE5C /* Assets.xcassets in Resources */,
				A53591DB1C8269440014EE5C /* Main.storyboard in Resources */,
			);
			runOnlyForDeploymentPostprocessing = 0;
		};
		A53591E41C8269450014EE5C /* Resources */ = {
			isa = PBXResourcesBuildPhase;
			buildActionMask = 2147483647;
			files = (
			);
			runOnlyForDeploymentPostprocessing = 0;
		};
		A53591EF1C8269450014EE5C /* Resources */ = {
			isa = PBXResourcesBuildPhase;
			buildActionMask = 2147483647;
			files = (
			);
			runOnlyForDeploymentPostprocessing = 0;
		};
/* End PBXResourcesBuildPhase section */

/* Begin PBXShellScriptBuildPhase section */
		0721959972799D3A11C11595 /* Check Pods Manifest.lock */ = {
			isa = PBXShellScriptBuildPhase;
			buildActionMask = 2147483647;
			files = (
			);
			inputPaths = (
			);
			name = "Check Pods Manifest.lock";
			outputPaths = (
			);
			runOnlyForDeploymentPostprocessing = 0;
			shellPath = /bin/sh;
			shellScript = "diff \"${PODS_ROOT}/../Podfile.lock\" \"${PODS_ROOT}/Manifest.lock\" > /dev/null\nif [[ $? != 0 ]] ; then\n    cat << EOM\nerror: The sandbox is not in sync with the Podfile.lock. Run 'pod install' or update your CocoaPods installation.\nEOM\n    exit 1\nfi\n";
			showEnvVarsInLog = 0;
		};
		0D6E6C6FF5189A282D9BD2BD /* Embed Pods Frameworks */ = {
			isa = PBXShellScriptBuildPhase;
			buildActionMask = 2147483647;
			files = (
			);
			inputPaths = (
			);
			name = "Embed Pods Frameworks";
			outputPaths = (
			);
			runOnlyForDeploymentPostprocessing = 0;
			shellPath = /bin/sh;
			shellScript = "\"${SRCROOT}/Pods/Target Support Files/Pods-Recupery2/Pods-Recupery2-frameworks.sh\"\n";
			showEnvVarsInLog = 0;
		};
		70D58CDECA9957B28CCA3E0F /* Copy Pods Resources */ = {
			isa = PBXShellScriptBuildPhase;
			buildActionMask = 2147483647;
			files = (
			);
			inputPaths = (
			);
			name = "Copy Pods Resources";
			outputPaths = (
			);
			runOnlyForDeploymentPostprocessing = 0;
			shellPath = /bin/sh;
			shellScript = "\"${SRCROOT}/Pods/Target Support Files/Pods-Recupery2/Pods-Recupery2-resources.sh\"\n";
			showEnvVarsInLog = 0;
		};
/* End PBXShellScriptBuildPhase section */

/* Begin PBXSourcesBuildPhase section */
		A53591C31C8269440014EE5C /* Sources */ = {
			isa = PBXSourcesBuildPhase;
			buildActionMask = 2147483647;
			files = (
				A53592051C826ADD0014EE5C /* SurveyViewController.m in Sources */,
				A53591D51C8269440014EE5C /* DataViewController.m in Sources */,
				A53592111C836F780014EE5C /* CommunicationOptionsViewController.m in Sources */,
				A53591CF1C8269440014EE5C /* AppDelegate.m in Sources */,
				891C7EF41C83A5DC00B85DE2 /* ImageViewController.m in Sources */,
				A53591D81C8269440014EE5C /* ModelController.m in Sources */,
				891C7EEE1C8276DA00B85DE2 /* CoverScreenViewController.m in Sources */,
				A535920B1C8280770014EE5C /* SurveyForm.m in Sources */,
				A53592081C826D2C0014EE5C /* FXForms.m in Sources */,
				A53591CC1C8269440014EE5C /* main.m in Sources */,
				A53591D21C8269440014EE5C /* RootViewController.m in Sources */,
			);
			runOnlyForDeploymentPostprocessing = 0;
		};
		A53591E21C8269450014EE5C /* Sources */ = {
			isa = PBXSourcesBuildPhase;
			buildActionMask = 2147483647;
			files = (
				A53591EB1C8269450014EE5C /* Recupery2Tests.m in Sources */,
			);
			runOnlyForDeploymentPostprocessing = 0;
		};
		A53591ED1C8269450014EE5C /* Sources */ = {
			isa = PBXSourcesBuildPhase;
			buildActionMask = 2147483647;
			files = (
				A53591F61C8269450014EE5C /* Recupery2UITests.m in Sources */,
			);
			runOnlyForDeploymentPostprocessing = 0;
		};
/* End PBXSourcesBuildPhase section */

/* Begin PBXTargetDependency section */
		A53591E81C8269450014EE5C /* PBXTargetDependency */ = {
			isa = PBXTargetDependency;
			target = A53591C61C8269440014EE5C /* Recupery2 */;
			targetProxy = A53591E71C8269450014EE5C /* PBXContainerItemProxy */;
		};
		A53591F31C8269450014EE5C /* PBXTargetDependency */ = {
			isa = PBXTargetDependency;
			target = A53591C61C8269440014EE5C /* Recupery2 */;
			targetProxy = A53591F21C8269450014EE5C /* PBXContainerItemProxy */;
		};
/* End PBXTargetDependency section */

/* Begin PBXVariantGroup section */
		A53591D91C8269440014EE5C /* Main.storyboard */ = {
			isa = PBXVariantGroup;
			children = (
				A53591DA1C8269440014EE5C /* Base */,
			);
			name = Main.storyboard;
			sourceTree = "<group>";
		};
		A53591DE1C8269440014EE5C /* LaunchScreen.storyboard */ = {
			isa = PBXVariantGroup;
			children = (
				A53591DF1C8269440014EE5C /* Base */,
			);
			name = LaunchScreen.storyboard;
			sourceTree = "<group>";
		};
/* End PBXVariantGroup section */

/* Begin XCBuildConfiguration section */
		A53591F81C8269450014EE5C /* Debug */ = {
			isa = XCBuildConfiguration;
			buildSettings = {
				ALWAYS_SEARCH_USER_PATHS = NO;
				CLANG_CXX_LANGUAGE_STANDARD = "gnu++0x";
				CLANG_CXX_LIBRARY = "libc++";
				CLANG_ENABLE_MODULES = YES;
				CLANG_ENABLE_OBJC_ARC = YES;
				CLANG_WARN_BOOL_CONVERSION = YES;
				CLANG_WARN_CONSTANT_CONVERSION = YES;
				CLANG_WARN_DIRECT_OBJC_ISA_USAGE = YES_ERROR;
				CLANG_WARN_EMPTY_BODY = YES;
				CLANG_WARN_ENUM_CONVERSION = YES;
				CLANG_WARN_INT_CONVERSION = YES;
				CLANG_WARN_OBJC_ROOT_CLASS = YES_ERROR;
				CLANG_WARN_UNREACHABLE_CODE = YES;
				CLANG_WARN__DUPLICATE_METHOD_MATCH = YES;
				"CODE_SIGN_IDENTITY[sdk=iphoneos*]" = "iPhone Developer";
				COPY_PHASE_STRIP = NO;
				DEBUG_INFORMATION_FORMAT = dwarf;
				ENABLE_STRICT_OBJC_MSGSEND = YES;
				ENABLE_TESTABILITY = YES;
				GCC_C_LANGUAGE_STANDARD = gnu99;
				GCC_DYNAMIC_NO_PIC = NO;
				GCC_NO_COMMON_BLOCKS = YES;
				GCC_OPTIMIZATION_LEVEL = 0;
				GCC_PREPROCESSOR_DEFINITIONS = (
					"DEBUG=1",
					"$(inherited)",
				);
				GCC_WARN_64_TO_32_BIT_CONVERSION = YES;
				GCC_WARN_ABOUT_RETURN_TYPE = YES_ERROR;
				GCC_WARN_UNDECLARED_SELECTOR = YES;
				GCC_WARN_UNINITIALIZED_AUTOS = YES_AGGRESSIVE;
				GCC_WARN_UNUSED_FUNCTION = YES;
				GCC_WARN_UNUSED_VARIABLE = YES;
				IPHONEOS_DEPLOYMENT_TARGET = 9.2;
				MTL_ENABLE_DEBUG_INFO = YES;
				ONLY_ACTIVE_ARCH = YES;
				SDKROOT = iphoneos;
			};
			name = Debug;
		};
		A53591F91C8269450014EE5C /* Release */ = {
			isa = XCBuildConfiguration;
			buildSettings = {
				ALWAYS_SEARCH_USER_PATHS = NO;
				CLANG_CXX_LANGUAGE_STANDARD = "gnu++0x";
				CLANG_CXX_LIBRARY = "libc++";
				CLANG_ENABLE_MODULES = YES;
				CLANG_ENABLE_OBJC_ARC = YES;
				CLANG_WARN_BOOL_CONVERSION = YES;
				CLANG_WARN_CONSTANT_CONVERSION = YES;
				CLANG_WARN_DIRECT_OBJC_ISA_USAGE = YES_ERROR;
				CLANG_WARN_EMPTY_BODY = YES;
				CLANG_WARN_ENUM_CONVERSION = YES;
				CLANG_WARN_INT_CONVERSION = YES;
				CLANG_WARN_OBJC_ROOT_CLASS = YES_ERROR;
				CLANG_WARN_UNREACHABLE_CODE = YES;
				CLANG_WARN__DUPLICATE_METHOD_MATCH = YES;
				"CODE_SIGN_IDENTITY[sdk=iphoneos*]" = "iPhone Developer";
				COPY_PHASE_STRIP = NO;
				DEBUG_INFORMATION_FORMAT = "dwarf-with-dsym";
				ENABLE_NS_ASSERTIONS = NO;
				ENABLE_STRICT_OBJC_MSGSEND = YES;
				GCC_C_LANGUAGE_STANDARD = gnu99;
				GCC_NO_COMMON_BLOCKS = YES;
				GCC_WARN_64_TO_32_BIT_CONVERSION = YES;
				GCC_WARN_ABOUT_RETURN_TYPE = YES_ERROR;
				GCC_WARN_UNDECLARED_SELECTOR = YES;
				GCC_WARN_UNINITIALIZED_AUTOS = YES_AGGRESSIVE;
				GCC_WARN_UNUSED_FUNCTION = YES;
				GCC_WARN_UNUSED_VARIABLE = YES;
				IPHONEOS_DEPLOYMENT_TARGET = 9.2;
				MTL_ENABLE_DEBUG_INFO = NO;
				SDKROOT = iphoneos;
				VALIDATE_PRODUCT = YES;
			};
			name = Release;
		};
		A53591FB1C8269450014EE5C /* Debug */ = {
			isa = XCBuildConfiguration;
			baseConfigurationReference = CA73DF6F89C51B81B9F9FA99 /* Pods-Recupery2.debug.xcconfig */;
			buildSettings = {
				ASSETCATALOG_COMPILER_APPICON_NAME = AppIcon;
				INFOPLIST_FILE = Recupery2/Info.plist;
				LD_RUNPATH_SEARCH_PATHS = "$(inherited) @executable_path/Frameworks";
				PRODUCT_BUNDLE_IDENTIFIER = com.mbkhack.Recupery.Recupery2;
				PRODUCT_NAME = "$(TARGET_NAME)";
			};
			name = Debug;
		};
		A53591FC1C8269450014EE5C /* Release */ = {
			isa = XCBuildConfiguration;
			baseConfigurationReference = F95B71C61CBBF59810F2D0E7 /* Pods-Recupery2.release.xcconfig */;
			buildSettings = {
				ASSETCATALOG_COMPILER_APPICON_NAME = AppIcon;
				INFOPLIST_FILE = Recupery2/Info.plist;
				LD_RUNPATH_SEARCH_PATHS = "$(inherited) @executable_path/Frameworks";
				PRODUCT_BUNDLE_IDENTIFIER = com.mbkhack.Recupery.Recupery2;
				PRODUCT_NAME = "$(TARGET_NAME)";
			};
			name = Release;
		};
		A53591FE1C8269450014EE5C /* Debug */ = {
			isa = XCBuildConfiguration;
			buildSettings = {
				BUNDLE_LOADER = "$(TEST_HOST)";
				INFOPLIST_FILE = Recupery2Tests/Info.plist;
				LD_RUNPATH_SEARCH_PATHS = "$(inherited) @executable_path/Frameworks @loader_path/Frameworks";
				PRODUCT_BUNDLE_IDENTIFIER = com.mbkhack.Recupery.Recupery2Tests;
				PRODUCT_NAME = "$(TARGET_NAME)";
				TEST_HOST = "$(BUILT_PRODUCTS_DIR)/Recupery2.app/Recupery2";
			};
			name = Debug;
		};
		A53591FF1C8269450014EE5C /* Release */ = {
			isa = XCBuildConfiguration;
			buildSettings = {
				BUNDLE_LOADER = "$(TEST_HOST)";
				INFOPLIST_FILE = Recupery2Tests/Info.plist;
				LD_RUNPATH_SEARCH_PATHS = "$(inherited) @executable_path/Frameworks @loader_path/Frameworks";
				PRODUCT_BUNDLE_IDENTIFIER = com.mbkhack.Recupery.Recupery2Tests;
				PRODUCT_NAME = "$(TARGET_NAME)";
				TEST_HOST = "$(BUILT_PRODUCTS_DIR)/Recupery2.app/Recupery2";
			};
			name = Release;
		};
		A53592011C8269450014EE5C /* Debug */ = {
			isa = XCBuildConfiguration;
			buildSettings = {
				INFOPLIST_FILE = Recupery2UITests/Info.plist;
				LD_RUNPATH_SEARCH_PATHS = "$(inherited) @executable_path/Frameworks @loader_path/Frameworks";
				PRODUCT_BUNDLE_IDENTIFIER = com.mbkhack.Recupery.Recupery2UITests;
				PRODUCT_NAME = "$(TARGET_NAME)";
				TEST_TARGET_NAME = Recupery2;
				USES_XCTRUNNER = YES;
			};
			name = Debug;
		};
		A53592021C8269450014EE5C /* Release */ = {
			isa = XCBuildConfiguration;
			buildSettings = {
				INFOPLIST_FILE = Recupery2UITests/Info.plist;
				LD_RUNPATH_SEARCH_PATHS = "$(inherited) @executable_path/Frameworks @loader_path/Frameworks";
				PRODUCT_BUNDLE_IDENTIFIER = com.mbkhack.Recupery.Recupery2UITests;
				PRODUCT_NAME = "$(TARGET_NAME)";
				TEST_TARGET_NAME = Recupery2;
				USES_XCTRUNNER = YES;
			};
			name = Release;
		};
/* End XCBuildConfiguration section */

/* Begin XCConfigurationList section */
		A53591C21C8269440014EE5C /* Build configuration list for PBXProject "Recupery2" */ = {
			isa = XCConfigurationList;
			buildConfigurations = (
				A53591F81C8269450014EE5C /* Debug */,
				A53591F91C8269450014EE5C /* Release */,
			);
			defaultConfigurationIsVisible = 0;
			defaultConfigurationName = Release;
		};
		A53591FA1C8269450014EE5C /* Build configuration list for PBXNativeTarget "Recupery2" */ = {
			isa = XCConfigurationList;
			buildConfigurations = (
				A53591FB1C8269450014EE5C /* Debug */,
				A53591FC1C8269450014EE5C /* Release */,
			);
			defaultConfigurationIsVisible = 0;
			defaultConfigurationName = Release;
		};
		A53591FD1C8269450014EE5C /* Build configuration list for PBXNativeTarget "Recupery2Tests" */ = {
			isa = XCConfigurationList;
			buildConfigurations = (
				A53591FE1C8269450014EE5C /* Debug */,
				A53591FF1C8269450014EE5C /* Release */,
			);
			defaultConfigurationIsVisible = 0;
			defaultConfigurationName = Release;
		};
		A53592001C8269450014EE5C /* Build configuration list for PBXNativeTarget "Recupery2UITests" */ = {
			isa = XCConfigurationList;
			buildConfigurations = (
				A53592011C8269450014EE5C /* Debug */,
				A53592021C8269450014EE5C /* Release */,
			);
			defaultConfigurationIsVisible = 0;
			defaultConfigurationName = Release;
		};
/* End XCConfigurationList section */
	};
	rootObject = A53591BF1C8269440014EE5C /* Project object */;
}
